### YamlMime:ManagedReference
items:
- uid: System.Threading.Tasks.Dataflow.IDataflowBlock
  commentId: T:System.Threading.Tasks.Dataflow.IDataflowBlock
  id: IDataflowBlock
  children:
  - System.Threading.Tasks.Dataflow.IDataflowBlock.Complete
  - System.Threading.Tasks.Dataflow.IDataflowBlock.Completion
  - System.Threading.Tasks.Dataflow.IDataflowBlock.Fault(System.Exception)
  langs:
  - csharp
  name: IDataflowBlock
  nameWithType: IDataflowBlock
  fullName: System.Threading.Tasks.Dataflow.IDataflowBlock
  type: Interface
  assemblies:
  - System.Threading.Tasks.Dataflow
  namespace: System.Threading.Tasks.Dataflow
  syntax:
    content: public interface IDataflowBlock
  implements: []
  version:
  - netcore-1.0
  - netcore-1.1.0
  monikers:
  - netcore-1.0
  - netcore-1.1.0
  content_git_url: https://github.com/dotnet/docs/blob/master/xml/System.Threading.Tasks.Dataflow/IDataflowBlock.xml
- uid: System.Threading.Tasks.Dataflow.IDataflowBlock.Complete
  commentId: M:System.Threading.Tasks.Dataflow.IDataflowBlock.Complete
  id: Complete
  parent: System.Threading.Tasks.Dataflow.IDataflowBlock
  langs:
  - csharp
  name: Complete()
  nameWithType: IDataflowBlock.Complete()
  fullName: System.Threading.Tasks.Dataflow.IDataflowBlock.Complete()
  type: Method
  assemblies:
  - System.Threading.Tasks.Dataflow
  namespace: System.Threading.Tasks.Dataflow
  syntax:
    content: public void Complete ();
    parameters: []
  overload: System.Threading.Tasks.Dataflow.IDataflowBlock.Complete*
  exceptions: []
  version:
  - netcore-1.0
  - netcore-1.1.0
  monikers:
  - netcore-1.0
  - netcore-1.1.0
  content_git_url: https://github.com/dotnet/docs/blob/master/xml/System.Threading.Tasks.Dataflow/IDataflowBlock.xml
- uid: System.Threading.Tasks.Dataflow.IDataflowBlock.Completion
  commentId: P:System.Threading.Tasks.Dataflow.IDataflowBlock.Completion
  id: Completion
  parent: System.Threading.Tasks.Dataflow.IDataflowBlock
  langs:
  - csharp
  name: Completion
  nameWithType: IDataflowBlock.Completion
  fullName: System.Threading.Tasks.Dataflow.IDataflowBlock.Completion
  type: Property
  assemblies:
  - System.Threading.Tasks.Dataflow
  namespace: System.Threading.Tasks.Dataflow
  syntax:
    content: public System.Threading.Tasks.Task Completion { get; }
    return:
      type: System.Threading.Tasks.Task
      description: To be added.
  overload: System.Threading.Tasks.Dataflow.IDataflowBlock.Completion*
  exceptions: []
  version:
  - netcore-1.0
  - netcore-1.1.0
  monikers:
  - netcore-1.0
  - netcore-1.1.0
  content_git_url: https://github.com/dotnet/docs/blob/master/xml/System.Threading.Tasks.Dataflow/IDataflowBlock.xml
- uid: System.Threading.Tasks.Dataflow.IDataflowBlock.Fault(System.Exception)
  commentId: M:System.Threading.Tasks.Dataflow.IDataflowBlock.Fault(System.Exception)
  id: Fault(System.Exception)
  parent: System.Threading.Tasks.Dataflow.IDataflowBlock
  langs:
  - csharp
  name: Fault(Exception)
  nameWithType: IDataflowBlock.Fault(Exception)
  fullName: System.Threading.Tasks.Dataflow.IDataflowBlock.Fault(Exception)
  type: Method
  assemblies:
  - System.Threading.Tasks.Dataflow
  namespace: System.Threading.Tasks.Dataflow
  syntax:
    content: public void Fault (Exception exception);
    parameters:
    - id: exception
      type: System.Exception
      description: To be added.
  overload: System.Threading.Tasks.Dataflow.IDataflowBlock.Fault*
  exceptions: []
  version:
  - netcore-1.0
  - netcore-1.1.0
  monikers:
  - netcore-1.0
  - netcore-1.1.0
  content_git_url: https://github.com/dotnet/docs/blob/master/xml/System.Threading.Tasks.Dataflow/IDataflowBlock.xml
references:
- uid: System.Threading.Tasks.Dataflow.IDataflowBlock.Complete
  parent: System.Threading.Tasks.Dataflow.IDataflowBlock
  isExternal: false
  name: Complete()
  nameWithType: IDataflowBlock.Complete()
  fullName: System.Threading.Tasks.Dataflow.IDataflowBlock.Complete()
- uid: System.Threading.Tasks.Dataflow.IDataflowBlock.Completion
  parent: System.Threading.Tasks.Dataflow.IDataflowBlock
  isExternal: false
  name: Completion
  nameWithType: IDataflowBlock.Completion
  fullName: System.Threading.Tasks.Dataflow.IDataflowBlock.Completion
- uid: System.Threading.Tasks.Task
  parent: System.Threading.Tasks
  isExternal: false
  name: Task
  nameWithType: Task
  fullName: System.Threading.Tasks.Task
- uid: System.Threading.Tasks.Dataflow.IDataflowBlock.Fault(System.Exception)
  parent: System.Threading.Tasks.Dataflow.IDataflowBlock
  isExternal: false
  name: Fault(Exception)
  nameWithType: IDataflowBlock.Fault(Exception)
  fullName: System.Threading.Tasks.Dataflow.IDataflowBlock.Fault(Exception)
- uid: System.Exception
  parent: System
  isExternal: false
  name: Exception
  nameWithType: Exception
  fullName: System.Exception
- uid: System.Threading.Tasks.Dataflow.IDataflowBlock.Complete*
  parent: System.Threading.Tasks.Dataflow.IDataflowBlock
  isExternal: false
  name: Complete
  nameWithType: IDataflowBlock.Complete
  fullName: System.Threading.Tasks.Dataflow.IDataflowBlock.Complete
  monikers:
  - netcore-1.0
  - netcore-1.1.0
  content_git_url: https://github.com/dotnet/docs/blob/master/xml/System.Threading.Tasks.Dataflow/IDataflowBlock.xml
- uid: System.Threading.Tasks.Dataflow.IDataflowBlock.Completion*
  parent: System.Threading.Tasks.Dataflow.IDataflowBlock
  isExternal: false
  name: Completion
  nameWithType: IDataflowBlock.Completion
  fullName: System.Threading.Tasks.Dataflow.IDataflowBlock.Completion
  monikers:
  - netcore-1.0
  - netcore-1.1.0
  content_git_url: https://github.com/dotnet/docs/blob/master/xml/System.Threading.Tasks.Dataflow/IDataflowBlock.xml
- uid: System.Threading.Tasks.Dataflow.IDataflowBlock.Fault*
  parent: System.Threading.Tasks.Dataflow.IDataflowBlock
  isExternal: false
  name: Fault
  nameWithType: IDataflowBlock.Fault
  fullName: System.Threading.Tasks.Dataflow.IDataflowBlock.Fault
  monikers:
  - netcore-1.0
  - netcore-1.1.0
  content_git_url: https://github.com/dotnet/docs/blob/master/xml/System.Threading.Tasks.Dataflow/IDataflowBlock.xml
